
Microsoft Visual Studio Solution File, Format Version 12.00
# Visual Studio Version 16
VisualStudioVersion = 16.0.30011.22
MinimumVisualStudioVersion = 10.0.40219.1
Project("{FAE04EC0-301F-11D3-BF4B-00C04F79EFBC}") = "UserMaintenance", "UserMaintenance\UserMaintenance.csproj", "{69D2F050-DFF1-432B-85CA-539021203EDC}"
EndProject
Global
	GlobalSection(SolutionConfigurationPlatforms) = preSolution
		Debug|Any CPU = Debug|Any CPU
		Release|Any CPU = Release|Any CPU
	EndGlobalSection
	GlobalSection(ProjectConfigurationPlatforms) = postSolution
		{69D2F050-DFF1-432B-85CA-539021203EDC}.Debug|Any CPU.ActiveCfg = Debug|Any CPU
		{69D2F050-DFF1-432B-85CA-539021203EDC}.Debug|Any CPU.Build.0 = Debug|Any CPU
		{69D2F050-DFF1-432B-85CA-539021203EDC}.Release|Any CPU.ActiveCfg = Release|Any CPU
		{69D2F050-DFF1-432B-85CA-539021203EDC}.Release|Any CPU.Build.0 = Release|Any CPU
	EndGlobalSection
	GlobalSection(SolutionProperties) = preSolution
		HideSolutionNode = FALSE
	EndGlobalSection
	GlobalSection(ExtensibilityGlobals) = postSolution
		SolutionGuid = {465CAF9A-5586-40D6-A66D-6B72A8ACF367}
	EndGlobalSection
EndGlobal
